// !$*UTF8*$!
{
	archiveVersion = 1;
	classes = {
	};
	objectVersion = 77;
	objects = {

/* Begin PBXBuildFile section */
		0031258D7C92F9CFC2903A64 /* Assets.xcassets in Resources */ = {isa = PBXBuildFile; fileRef = 24054567603F95C0EC6A1783 /* Assets.xcassets */; };
		0190C59C861A69A9EAD144FD /* LibraryView.swift in Sources */ = {isa = PBXBuildFile; fileRef = D4E24DE0179BDBA88E26F4FB /* LibraryView.swift */; };
		0B90F2C6548352BB8C4D390E /* KanataTheme.swift in Sources */ = {isa = PBXBuildFile; fileRef = 122A9F73DB01780311C2EC77 /* KanataTheme.swift */; };
		0E5B87E6AF1A62F4157EACDA /* PlaybackSupport.swift in Sources */ = {isa = PBXBuildFile; fileRef = 5B906A631FA659E4B7B13B18 /* PlaybackSupport.swift */; };
		0EC14871CC22CAFCEF94E4E9 /* BuiltInPublicDanmakuClient.swift in Sources */ = {isa = PBXBuildFile; fileRef = 56BDD49AC5E6D599D5BC3190 /* BuiltInPublicDanmakuClient.swift */; };
		143668390E7F4314EA2B50DA /* AppSettings.swift in Sources */ = {isa = PBXBuildFile; fileRef = 2054C1F753EBC3CAF4CAB9C4 /* AppSettings.swift */; };
		19D6EA464868F5A36F7359AA /* MediaImportPreview.swift in Sources */ = {isa = PBXBuildFile; fileRef = 2BBCB8E243EC8485344C868B /* MediaImportPreview.swift */; };
		230F4EFC9749FD9CBA7B9A66 /* PlayerViewModel.swift in Sources */ = {isa = PBXBuildFile; fileRef = 54F8F7451DA189DC5B2969CB /* PlayerViewModel.swift */; };
		2EAB75D7C16FCDB4D5129668 /* KanataApp.swift in Sources */ = {isa = PBXBuildFile; fileRef = C7F54CA6B81DF75A8D593DBB /* KanataApp.swift */; };
		2F9F3B91E47C002B93622DF1 /* BuiltInPublicDanmakuClient.swift in Sources */ = {isa = PBXBuildFile; fileRef = 56BDD49AC5E6D599D5BC3190 /* BuiltInPublicDanmakuClient.swift */; };
		36C08EA5757A1AD39FD2C9F3 /* PlayerViewModel.swift in Sources */ = {isa = PBXBuildFile; fileRef = 54F8F7451DA189DC5B2969CB /* PlayerViewModel.swift */; };
		3A6B2B76EE2E0D5C562321B9 /* CloudSyncStore.swift in Sources */ = {isa = PBXBuildFile; fileRef = BF3E4337E15490DC1F7797AE /* CloudSyncStore.swift */; };
		3DF83AEAD29359EB6A3B8677 /* MediaSourceClients.swift in Sources */ = {isa = PBXBuildFile; fileRef = 31AACC6D69D5478A2FD742B6 /* MediaSourceClients.swift */; };
		3FE50A47C914B1D1537EB984 /* BilibiliQRCodeLogin.swift in Sources */ = {isa = PBXBuildFile; fileRef = 173FF4F5A52DB62F338388FD /* BilibiliQRCodeLogin.swift */; };
		5CDC6BDB53B6B8514F2DCD68 /* BilibiliQRCodeLogin.swift in Sources */ = {isa = PBXBuildFile; fileRef = 173FF4F5A52DB62F338388FD /* BilibiliQRCodeLogin.swift */; };
		64BCDEEC8B6DCCC7E5FA30AF /* KanataRender in Frameworks */ = {isa = PBXBuildFile; productRef = 8EE44E1F48B4D8E9D04CA922 /* KanataRender */; };
		6813B82BF031BB5A506EC7AC /* PlatformFileImporter.swift in Sources */ = {isa = PBXBuildFile; fileRef = CA68DAA542BB5DD17707BE90 /* PlatformFileImporter.swift */; };
		6BDE8BA75A71E2FB96893521 /* PlayerScreen.swift in Sources */ = {isa = PBXBuildFile; fileRef = 9D71423032201822DE1CEC33 /* PlayerScreen.swift */; };
		7083F8DC01A8B4CEE1C53C72 /* KanataTheme.swift in Sources */ = {isa = PBXBuildFile; fileRef = 122A9F73DB01780311C2EC77 /* KanataTheme.swift */; };
		78DF13F860AEC8C9703AEEFA /* Assets.xcassets in Resources */ = {isa = PBXBuildFile; fileRef = 24054567603F95C0EC6A1783 /* Assets.xcassets */; };
		7BABBAFA45A953A94D11B684 /* DanmakuFontRegistry.swift in Sources */ = {isa = PBXBuildFile; fileRef = 79CFC3DD18A4AF488CA99D5F /* DanmakuFontRegistry.swift */; };
		7EB919629CBF538D13744899 /* ExternalSubtitle.swift in Sources */ = {isa = PBXBuildFile; fileRef = 1D7990DD427BBFF8B9307E4A /* ExternalSubtitle.swift */; };
		80AED691D95143C4710F5B6B /* TVMediaSourcePairing.swift in Sources */ = {isa = PBXBuildFile; fileRef = 37E55F65469822874E6BDAA9 /* TVMediaSourcePairing.swift */; };
		82DFFADB01CE775E444537D0 /* BuiltInBilibiliClient.swift in Sources */ = {isa = PBXBuildFile; fileRef = 3C02FED1707E8CA51052C220 /* BuiltInBilibiliClient.swift */; };
		8755E5218B5A5740FA3A87C6 /* KanataRender in Frameworks */ = {isa = PBXBuildFile; productRef = 2B1BA21A40301952737E6088 /* KanataRender */; };
		88300C6DD79D579CB79B8818 /* ExternalSubtitle.swift in Sources */ = {isa = PBXBuildFile; fileRef = 1D7990DD427BBFF8B9307E4A /* ExternalSubtitle.swift */; };
		8AA39BD8C8C9CAA30C61A0A8 /* MediaImportPreview.swift in Sources */ = {isa = PBXBuildFile; fileRef = 2BBCB8E243EC8485344C868B /* MediaImportPreview.swift */; };
		93741D09D56AC852830EBAFB /* BuiltInDandanplayClient.swift in Sources */ = {isa = PBXBuildFile; fileRef = 13CE79511657F295E2E694BF /* BuiltInDandanplayClient.swift */; };
		93D4CF481CFCCB1EA52DFB6F /* PlatformFileImporter.swift in Sources */ = {isa = PBXBuildFile; fileRef = CA68DAA542BB5DD17707BE90 /* PlatformFileImporter.swift */; };
		94A4EB0FDAEC4E23571FDBA1 /* KanataCore in Frameworks */ = {isa = PBXBuildFile; productRef = D0F19C87A69C96ACBF02E301 /* KanataCore */; };
		98FF09C96A14EF8F76A085F3 /* MediaSources.swift in Sources */ = {isa = PBXBuildFile; fileRef = 766BAD1CEAB78E524FD68966 /* MediaSources.swift */; };
		9F4DDDA0BF75D781CBE70B52 /* PlayerViews.swift in Sources */ = {isa = PBXBuildFile; fileRef = B20B5DDBFFBFC71CD4E8BFF5 /* PlayerViews.swift */; };
		A0DC7C89B456A362447704FB /* PlayerScreen.swift in Sources */ = {isa = PBXBuildFile; fileRef = 9D71423032201822DE1CEC33 /* PlayerScreen.swift */; };
		B0323D941014DCB96707E7A9 /* BuiltInBilibiliClient.swift in Sources */ = {isa = PBXBuildFile; fileRef = 3C02FED1707E8CA51052C220 /* BuiltInBilibiliClient.swift */; };
		B14B37997AA8D1C64BD358E4 /* CollectionLayoutStore.swift in Sources */ = {isa = PBXBuildFile; fileRef = 626B84D50482A74A58387E4A /* CollectionLayoutStore.swift */; };
		B7DC3F8CB5A7004442098AC1 /* SettingsView.swift in Sources */ = {isa = PBXBuildFile; fileRef = 89BA5EDEB5BE98DBEE96E3EB /* SettingsView.swift */; };
		B8DD7D6499400A064B2CDA19 /* LibraryView.swift in Sources */ = {isa = PBXBuildFile; fileRef = D4E24DE0179BDBA88E26F4FB /* LibraryView.swift */; };
		C024A5EADFCE8F9980FDE6B4 /* KanataApp.swift in Sources */ = {isa = PBXBuildFile; fileRef = C7F54CA6B81DF75A8D593DBB /* KanataApp.swift */; };
		C368F0EAFAB10B17EA4CDF24 /* PlayerViews.swift in Sources */ = {isa = PBXBuildFile; fileRef = B20B5DDBFFBFC71CD4E8BFF5 /* PlayerViews.swift */; };
		C64DE25E0620A54593D09415 /* BuiltInDandanplayClient.swift in Sources */ = {isa = PBXBuildFile; fileRef = 13CE79511657F295E2E694BF /* BuiltInDandanplayClient.swift */; };
		CD09FFF8465288029A3884CE /* PlaybackSupport.swift in Sources */ = {isa = PBXBuildFile; fileRef = 5B906A631FA659E4B7B13B18 /* PlaybackSupport.swift */; };
		CE9E35E870EB0641755C63C3 /* SettingsView.swift in Sources */ = {isa = PBXBuildFile; fileRef = 89BA5EDEB5BE98DBEE96E3EB /* SettingsView.swift */; };
		CECEC02FE7F010C0FF6E7620 /* MediaSources.swift in Sources */ = {isa = PBXBuildFile; fileRef = 766BAD1CEAB78E524FD68966 /* MediaSources.swift */; };
		CF17866599270F7C8DF7F77D /* AppSettings.swift in Sources */ = {isa = PBXBuildFile; fileRef = 2054C1F753EBC3CAF4CAB9C4 /* AppSettings.swift */; };
		D09C38639BA7F5F32195471D /* TVMediaSourcePairing.swift in Sources */ = {isa = PBXBuildFile; fileRef = 37E55F65469822874E6BDAA9 /* TVMediaSourcePairing.swift */; };
		D1DCDF1163EED827FB0FDE2F /* Info-tvOS.plist in Resources */ = {isa = PBXBuildFile; fileRef = 567CC9ADFBD1B18B4B7E3814 /* Info-tvOS.plist */; };
		D91D166FFE00DB31CD4A283F /* MediaSourceModels.swift in Sources */ = {isa = PBXBuildFile; fileRef = ACC6304388980E26E4AA3D45 /* MediaSourceModels.swift */; };
		E122D03D58273169B724230B /* MediaSourceModels.swift in Sources */ = {isa = PBXBuildFile; fileRef = ACC6304388980E26E4AA3D45 /* MediaSourceModels.swift */; };
		E1ACAF0E02E5E7C871217746 /* MediaSourceClients.swift in Sources */ = {isa = PBXBuildFile; fileRef = 31AACC6D69D5478A2FD742B6 /* MediaSourceClients.swift */; };
		E47572DA01490ACE35EDBD47 /* DanmakuFontRegistry.swift in Sources */ = {isa = PBXBuildFile; fileRef = 79CFC3DD18A4AF488CA99D5F /* DanmakuFontRegistry.swift */; };
		E4D8BE599F573D1C65BCB792 /* KanataCore in Frameworks */ = {isa = PBXBuildFile; productRef = A2444D4C17E00FAEC8B9CBCA /* KanataCore */; };
		EBF70D90069C1610147EE404 /* CollectionLayoutStore.swift in Sources */ = {isa = PBXBuildFile; fileRef = 626B84D50482A74A58387E4A /* CollectionLayoutStore.swift */; };
		F9AE73C15E1C075B327EC27F /* CloudSyncStore.swift in Sources */ = {isa = PBXBuildFile; fileRef = BF3E4337E15490DC1F7797AE /* CloudSyncStore.swift */; };
/* End PBXBuildFile section */

/* Begin PBXFileReference section */
		122A9F73DB01780311C2EC77 /* KanataTheme.swift */ = {isa = PBXFileReference; lastKnownFileType = sourcecode.swift; path = KanataTheme.swift; sourceTree = "<group>"; };
		13CE79511657F295E2E694BF /* BuiltInDandanplayClient.swift */ = {isa = PBXFileReference; lastKnownFileType = sourcecode.swift; path = BuiltInDandanplayClient.swift; sourceTree = "<group>"; };
		173FF4F5A52DB62F338388FD /* BilibiliQRCodeLogin.swift */ = {isa = PBXFileReference; lastKnownFileType = sourcecode.swift; path = BilibiliQRCodeLogin.swift; sourceTree = "<group>"; };
		1D7990DD427BBFF8B9307E4A /* ExternalSubtitle.swift */ = {isa = PBXFileReference; lastKnownFileType = sourcecode.swift; path = ExternalSubtitle.swift; sourceTree = "<group>"; };
		2054C1F753EBC3CAF4CAB9C4 /* AppSettings.swift */ = {isa = PBXFileReference; lastKnownFileType = sourcecode.swift; path = AppSettings.swift; sourceTree = "<group>"; };
		24054567603F95C0EC6A1783 /* Assets.xcassets */ = {isa = PBXFileReference; lastKnownFileType = folder.assetcatalog; path = Assets.xcassets; sourceTree = "<group>"; };
		2BBCB8E243EC8485344C868B /* MediaImportPreview.swift */ = {isa = PBXFileReference; lastKnownFileType = sourcecode.swift; path = MediaImportPreview.swift; sourceTree = "<group>"; };
		31AACC6D69D5478A2FD742B6 /* MediaSourceClients.swift */ = {isa = PBXFileReference; lastKnownFileType = sourcecode.swift; path = MediaSourceClients.swift; sourceTree = "<group>"; };
		37E55F65469822874E6BDAA9 /* TVMediaSourcePairing.swift */ = {isa = PBXFileReference; lastKnownFileType = sourcecode.swift; path = TVMediaSourcePairing.swift; sourceTree = "<group>"; };
		37FE9DC3DA20A78BD65CFCCC /* KanataTV.app */ = {isa = PBXFileReference; includeInIndex = 0; lastKnownFileType = wrapper.application; path = KanataTV.app; sourceTree = BUILT_PRODUCTS_DIR; };
		3C02FED1707E8CA51052C220 /* BuiltInBilibiliClient.swift */ = {isa = PBXFileReference; lastKnownFileType = sourcecode.swift; path = BuiltInBilibiliClient.swift; sourceTree = "<group>"; };
		42B14A0149AA61453CC026E8 /* KanataApp.app */ = {isa = PBXFileReference; includeInIndex = 0; lastKnownFileType = wrapper.application; path = KanataApp.app; sourceTree = BUILT_PRODUCTS_DIR; };
		54F8F7451DA189DC5B2969CB /* PlayerViewModel.swift */ = {isa = PBXFileReference; lastKnownFileType = sourcecode.swift; path = PlayerViewModel.swift; sourceTree = "<group>"; };
		567CC9ADFBD1B18B4B7E3814 /* Info-tvOS.plist */ = {isa = PBXFileReference; lastKnownFileType = text.plist; path = "Info-tvOS.plist"; sourceTree = "<group>"; };
		56BDD49AC5E6D599D5BC3190 /* BuiltInPublicDanmakuClient.swift */ = {isa = PBXFileReference; lastKnownFileType = sourcecode.swift; path = BuiltInPublicDanmakuClient.swift; sourceTree = "<group>"; };
		5B906A631FA659E4B7B13B18 /* PlaybackSupport.swift */ = {isa = PBXFileReference; lastKnownFileType = sourcecode.swift; path = PlaybackSupport.swift; sourceTree = "<group>"; };
		626B84D50482A74A58387E4A /* CollectionLayoutStore.swift */ = {isa = PBXFileReference; lastKnownFileType = sourcecode.swift; path = CollectionLayoutStore.swift; sourceTree = "<group>"; };
		766BAD1CEAB78E524FD68966 /* MediaSources.swift */ = {isa = PBXFileReference; lastKnownFileType = sourcecode.swift; path = MediaSources.swift; sourceTree = "<group>"; };
		79CFC3DD18A4AF488CA99D5F /* DanmakuFontRegistry.swift */ = {isa = PBXFileReference; lastKnownFileType = sourcecode.swift; path = DanmakuFontRegistry.swift; sourceTree = "<group>"; };
		7A3EDFC8B1EC2065859A4182 /* Kanata.entitlements */ = {isa = PBXFileReference; lastKnownFileType = text.plist.entitlements; path = Kanata.entitlements; sourceTree = "<group>"; };
		89BA5EDEB5BE98DBEE96E3EB /* SettingsView.swift */ = {isa = PBXFileReference; lastKnownFileType = sourcecode.swift; path = SettingsView.swift; sourceTree = "<group>"; };
		8AC79591E41687EB97713726 /* Info.plist */ = {isa = PBXFileReference; lastKnownFileType = text.plist; path = Info.plist; sourceTree = "<group>"; };
		9D71423032201822DE1CEC33 /* PlayerScreen.swift */ = {isa = PBXFileReference; lastKnownFileType = sourcecode.swift; path = PlayerScreen.swift; sourceTree = "<group>"; };
		ACC6304388980E26E4AA3D45 /* MediaSourceModels.swift */ = {isa = PBXFileReference; lastKnownFileType = sourcecode.swift; path = MediaSourceModels.swift; sourceTree = "<group>"; };
		AE0B608A17E4D899DDF4C3C0 /* KanataCore */ = {isa = PBXFileReference; lastKnownFileType = folder; name = KanataCore; path = ../KanataCore; sourceTree = SOURCE_ROOT; };
		B20B5DDBFFBFC71CD4E8BFF5 /* PlayerViews.swift */ = {isa = PBXFileReference; lastKnownFileType = sourcecode.swift; path = PlayerViews.swift; sourceTree = "<group>"; };
		BF3E4337E15490DC1F7797AE /* CloudSyncStore.swift */ = {isa = PBXFileReference; lastKnownFileType = sourcecode.swift; path = CloudSyncStore.swift; sourceTree = "<group>"; };
		C7F54CA6B81DF75A8D593DBB /* KanataApp.swift */ = {isa = PBXFileReference; lastKnownFileType = sourcecode.swift; path = KanataApp.swift; sourceTree = "<group>"; };
		CA68DAA542BB5DD17707BE90 /* PlatformFileImporter.swift */ = {isa = PBXFileReference; lastKnownFileType = sourcecode.swift; path = PlatformFileImporter.swift; sourceTree = "<group>"; };
		D4E24DE0179BDBA88E26F4FB /* LibraryView.swift */ = {isa = PBXFileReference; lastKnownFileType = sourcecode.swift; path = LibraryView.swift; sourceTree = "<group>"; };
		DB8BB661202EC97429766ACF /* KanataRender */ = {isa = PBXFileReference; lastKnownFileType = folder; name = KanataRender; path = ../KanataRender; sourceTree = SOURCE_ROOT; };
/* End PBXFileReference section */

/* Begin PBXFrameworksBuildPhase section */
		60390661EC2D099310C647CA /* Frameworks */ = {
			isa = PBXFrameworksBuildPhase;
			buildActionMask = 2147483647;
			files = (
				E4D8BE599F573D1C65BCB792 /* KanataCore in Frameworks */,
				64BCDEEC8B6DCCC7E5FA30AF /* KanataRender in Frameworks */,
			);
			runOnlyForDeploymentPostprocessing = 0;
		};
		B195997C1485E5C1C45B08B8 /* Frameworks */ = {
			isa = PBXFrameworksBuildPhase;
			buildActionMask = 2147483647;
			files = (
				94A4EB0FDAEC4E23571FDBA1 /* KanataCore in Frameworks */,
				8755E5218B5A5740FA3A87C6 /* KanataRender in Frameworks */,
			);
			runOnlyForDeploymentPostprocessing = 0;
		};
/* End PBXFrameworksBuildPhase section */

/* Begin PBXGroup section */
		1B71FE72CAA2728400A2797A /* Packages */ = {
			isa = PBXGroup;
			children = (
				AE0B608A17E4D899DDF4C3C0 /* KanataCore */,
				DB8BB661202EC97429766ACF /* KanataRender */,
			);
			name = Packages;
			sourceTree = "<group>";
		};
		53810A8AACCFBB05FD1031EE /* Sources */ = {
			isa = PBXGroup;
			children = (
				2054C1F753EBC3CAF4CAB9C4 /* AppSettings.swift */,
				24054567603F95C0EC6A1783 /* Assets.xcassets */,
				173FF4F5A52DB62F338388FD /* BilibiliQRCodeLogin.swift */,
				3C02FED1707E8CA51052C220 /* BuiltInBilibiliClient.swift */,
				13CE79511657F295E2E694BF /* BuiltInDandanplayClient.swift */,
				56BDD49AC5E6D599D5BC3190 /* BuiltInPublicDanmakuClient.swift */,
				BF3E4337E15490DC1F7797AE /* CloudSyncStore.swift */,
				626B84D50482A74A58387E4A /* CollectionLayoutStore.swift */,
				79CFC3DD18A4AF488CA99D5F /* DanmakuFontRegistry.swift */,
				1D7990DD427BBFF8B9307E4A /* ExternalSubtitle.swift */,
				567CC9ADFBD1B18B4B7E3814 /* Info-tvOS.plist */,
				8AC79591E41687EB97713726 /* Info.plist */,
				7A3EDFC8B1EC2065859A4182 /* Kanata.entitlements */,
				C7F54CA6B81DF75A8D593DBB /* KanataApp.swift */,
				122A9F73DB01780311C2EC77 /* KanataTheme.swift */,
				D4E24DE0179BDBA88E26F4FB /* LibraryView.swift */,
				2BBCB8E243EC8485344C868B /* MediaImportPreview.swift */,
				31AACC6D69D5478A2FD742B6 /* MediaSourceClients.swift */,
				ACC6304388980E26E4AA3D45 /* MediaSourceModels.swift */,
				766BAD1CEAB78E524FD68966 /* MediaSources.swift */,
				CA68DAA542BB5DD17707BE90 /* PlatformFileImporter.swift */,
				5B906A631FA659E4B7B13B18 /* PlaybackSupport.swift */,
				9D71423032201822DE1CEC33 /* PlayerScreen.swift */,
				54F8F7451DA189DC5B2969CB /* PlayerViewModel.swift */,
				B20B5DDBFFBFC71CD4E8BFF5 /* PlayerViews.swift */,
				89BA5EDEB5BE98DBEE96E3EB /* SettingsView.swift */,
				37E55F65469822874E6BDAA9 /* TVMediaSourcePairing.swift */,
			);
			path = Sources;
			sourceTree = "<group>";
		};
		874C40E0B64734BE8679F2A8 /* Products */ = {
			isa = PBXGroup;
			children = (
				42B14A0149AA61453CC026E8 /* KanataApp.app */,
				37FE9DC3DA20A78BD65CFCCC /* KanataTV.app */,
			);
			name = Products;
			sourceTree = "<group>";
		};
		B5B9437E1314CC20975540CD = {
			isa = PBXGroup;
			children = (
				1B71FE72CAA2728400A2797A /* Packages */,
				53810A8AACCFBB05FD1031EE /* Sources */,
				874C40E0B64734BE8679F2A8 /* Products */,
			);
			sourceTree = "<group>";
		};
/* End PBXGroup section */

/* Begin PBXNativeTarget section */
		6A2B39172D7B294ADC3ED6ED /* KanataTV */ = {
			isa = PBXNativeTarget;
			buildConfigurationList = 62C75F255A69310CD15F1878 /* Build configuration list for PBXNativeTarget "KanataTV" */;
			buildPhases = (
				B43DE78BE85F6F6420C18F62 /* Sources */,
				4B83F59D87297154B21EB715 /* Resources */,
				60390661EC2D099310C647CA /* Frameworks */,
			);
			buildRules = (
			);
			dependencies = (
			);
			name = KanataTV;
			packageProductDependencies = (
				A2444D4C17E00FAEC8B9CBCA /* KanataCore */,
				8EE44E1F48B4D8E9D04CA922 /* KanataRender */,
			);
			productName = KanataTV;
			productReference = 37FE9DC3DA20A78BD65CFCCC /* KanataTV.app */;
			productType = "com.apple.product-type.application";
		};
		70E3A6CD8EC064F6F32FE06D /* KanataApp */ = {
			isa = PBXNativeTarget;
			buildConfigurationList = 2B04CC5F69ED70BF653F001C /* Build configuration list for PBXNativeTarget "KanataApp" */;
			buildPhases = (
				7D3E7C1B9EEAC80E1C46293D /* Sources */,
				D5826008677CA2E888CA33E0 /* Resources */,
				B195997C1485E5C1C45B08B8 /* Frameworks */,
			);
			buildRules = (
			);
			dependencies = (
			);
			name = KanataApp;
			packageProductDependencies = (
				D0F19C87A69C96ACBF02E301 /* KanataCore */,
				2B1BA21A40301952737E6088 /* KanataRender */,
			);
			productName = KanataApp;
			productReference = 42B14A0149AA61453CC026E8 /* KanataApp.app */;
			productType = "com.apple.product-type.application";
		};
/* End PBXNativeTarget section */

/* Begin PBXProject section */
		1B0A5C168D23DE99F124C8A7 /* Project object */ = {
			isa = PBXProject;
			attributes = {
				BuildIndependentTargetsInParallel = YES;
				LastUpgradeCheck = 1430;
				TargetAttributes = {
					6A2B39172D7B294ADC3ED6ED = {
						DevelopmentTeam = 2Q2LMV7BR6;
					};
					70E3A6CD8EC064F6F32FE06D = {
						DevelopmentTeam = 2Q2LMV7BR6;
					};
				};
			};
			buildConfigurationList = 3F875C53978E467B37AF9562 /* Build configuration list for PBXProject "KanataApp" */;
			developmentRegion = en;
			hasScannedForEncodings = 0;
			knownRegions = (
				Base,
				en,
			);
			mainGroup = B5B9437E1314CC20975540CD;
			minimizedProjectReferenceProxies = 1;
			packageReferences = (
				702E29E2AC2D60B16BAAD7C7 /* XCLocalSwiftPackageReference "../KanataCore" */,
				EFEAB4B1A77F247A1AAA907E /* XCLocalSwiftPackageReference "../KanataRender" */,
			);
			preferredProjectObjectVersion = 77;
			productRefGroup = 874C40E0B64734BE8679F2A8 /* Products */;
			projectDirPath = "";
			projectRoot = "";
			targets = (
				70E3A6CD8EC064F6F32FE06D /* KanataApp */,
				6A2B39172D7B294ADC3ED6ED /* KanataTV */,
			);
		};
/* End PBXProject section */

/* Begin PBXResourcesBuildPhase section */
		4B83F59D87297154B21EB715 /* Resources */ = {
			isa = PBXResourcesBuildPhase;
			buildActionMask = 2147483647;
			files = (
				78DF13F860AEC8C9703AEEFA /* Assets.xcassets in Resources */,
			);
			runOnlyForDeploymentPostprocessing = 0;
		};
		D5826008677CA2E888CA33E0 /* Resources */ = {
			isa = PBXResourcesBuildPhase;
			buildActionMask = 2147483647;
			files = (
				0031258D7C92F9CFC2903A64 /* Assets.xcassets in Resources */,
				D1DCDF1163EED827FB0FDE2F /* Info-tvOS.plist in Resources */,
			);
			runOnlyForDeploymentPostprocessing = 0;
		};
/* End PBXResourcesBuildPhase section */

/* Begin PBXSourcesBuildPhase section */
		7D3E7C1B9EEAC80E1C46293D /* Sources */ = {
			isa = PBXSourcesBuildPhase;
			buildActionMask = 2147483647;
			files = (
				143668390E7F4314EA2B50DA /* AppSettings.swift in Sources */,
				3FE50A47C914B1D1537EB984 /* BilibiliQRCodeLogin.swift in Sources */,
				B0323D941014DCB96707E7A9 /* BuiltInBilibiliClient.swift in Sources */,
				C64DE25E0620A54593D09415 /* BuiltInDandanplayClient.swift in Sources */,
				0EC14871CC22CAFCEF94E4E9 /* BuiltInPublicDanmakuClient.swift in Sources */,
				F9AE73C15E1C075B327EC27F /* CloudSyncStore.swift in Sources */,
				B14B37997AA8D1C64BD358E4 /* CollectionLayoutStore.swift in Sources */,
				7BABBAFA45A953A94D11B684 /* DanmakuFontRegistry.swift in Sources */,
				88300C6DD79D579CB79B8818 /* ExternalSubtitle.swift in Sources */,
				C024A5EADFCE8F9980FDE6B4 /* KanataApp.swift in Sources */,
				7083F8DC01A8B4CEE1C53C72 /* KanataTheme.swift in Sources */,
				B8DD7D6499400A064B2CDA19 /* LibraryView.swift in Sources */,
				8AA39BD8C8C9CAA30C61A0A8 /* MediaImportPreview.swift in Sources */,
				E1ACAF0E02E5E7C871217746 /* MediaSourceClients.swift in Sources */,
				E122D03D58273169B724230B /* MediaSourceModels.swift in Sources */,
				98FF09C96A14EF8F76A085F3 /* MediaSources.swift in Sources */,
				6813B82BF031BB5A506EC7AC /* PlatformFileImporter.swift in Sources */,
				0E5B87E6AF1A62F4157EACDA /* PlaybackSupport.swift in Sources */,
				A0DC7C89B456A362447704FB /* PlayerScreen.swift in Sources */,
				230F4EFC9749FD9CBA7B9A66 /* PlayerViewModel.swift in Sources */,
				9F4DDDA0BF75D781CBE70B52 /* PlayerViews.swift in Sources */,
				CE9E35E870EB0641755C63C3 /* SettingsView.swift in Sources */,
				80AED691D95143C4710F5B6B /* TVMediaSourcePairing.swift in Sources */,
			);
			runOnlyForDeploymentPostprocessing = 0;
		};
		B43DE78BE85F6F6420C18F62 /* Sources */ = {
			isa = PBXSourcesBuildPhase;
			buildActionMask = 2147483647;
			files = (
				CF17866599270F7C8DF7F77D /* AppSettings.swift in Sources */,
				5CDC6BDB53B6B8514F2DCD68 /* BilibiliQRCodeLogin.swift in Sources */,
				82DFFADB01CE775E444537D0 /* BuiltInBilibiliClient.swift in Sources */,
				93741D09D56AC852830EBAFB /* BuiltInDandanplayClient.swift in Sources */,
				2F9F3B91E47C002B93622DF1 /* BuiltInPublicDanmakuClient.swift in Sources */,
				3A6B2B76EE2E0D5C562321B9 /* CloudSyncStore.swift in Sources */,
				EBF70D90069C1610147EE404 /* CollectionLayoutStore.swift in Sources */,
				E47572DA01490ACE35EDBD47 /* DanmakuFontRegistry.swift in Sources */,
				7EB919629CBF538D13744899 /* ExternalSubtitle.swift in Sources */,
				2EAB75D7C16FCDB4D5129668 /* KanataApp.swift in Sources */,
				0B90F2C6548352BB8C4D390E /* KanataTheme.swift in Sources */,
				0190C59C861A69A9EAD144FD /* LibraryView.swift in Sources */,
				19D6EA464868F5A36F7359AA /* MediaImportPreview.swift in Sources */,
				3DF83AEAD29359EB6A3B8677 /* MediaSourceClients.swift in Sources */,
				D91D166FFE00DB31CD4A283F /* MediaSourceModels.swift in Sources */,
				CECEC02FE7F010C0FF6E7620 /* MediaSources.swift in Sources */,
				93D4CF481CFCCB1EA52DFB6F /* PlatformFileImporter.swift in Sources */,
				CD09FFF8465288029A3884CE /* PlaybackSupport.swift in Sources */,
				6BDE8BA75A71E2FB96893521 /* PlayerScreen.swift in Sources */,
				36C08EA5757A1AD39FD2C9F3 /* PlayerViewModel.swift in Sources */,
				C368F0EAFAB10B17EA4CDF24 /* PlayerViews.swift in Sources */,
				B7DC3F8CB5A7004442098AC1 /* SettingsView.swift in Sources */,
				D09C38639BA7F5F32195471D /* TVMediaSourcePairing.swift in Sources */,
			);
			runOnlyForDeploymentPostprocessing = 0;
		};
/* End PBXSourcesBuildPhase section */

/* Begin XCBuildConfiguration section */
		0ABA49C59BD64912C04F919B /* Release */ = {
			isa = XCBuildConfiguration;
			buildSettings = {
				ASSETCATALOG_COMPILER_APPICON_NAME = "App Icon & Top Shelf Image";
				ASSETCATALOG_COMPILER_LAUNCHIMAGE_NAME = LaunchImage;
				CODE_SIGN_ENTITLEMENTS = Sources/Kanata.entitlements;
				CODE_SIGN_IDENTITY = "Apple Distribution";
				CODE_SIGN_STYLE = Manual;
				CURRENT_PROJECT_VERSION = 18;
				DANDANPLAY_APP_ID = "";
				DANDANPLAY_APP_SECRET = "";
				DEVELOPMENT_TEAM = 2Q2LMV7BR6;
				GENERATE_INFOPLIST_FILE = YES;
				INFOPLIST_FILE = "Sources/Info-tvOS.plist";
				INFOPLIST_KEY_NSLocalNetworkUsageDescription = "用于连接局域网内的弹幕网关与 NAS 媒体源";
				INFOPLIST_KEY_UILaunchScreen_Generation = YES;
				LD_RUNPATH_SEARCH_PATHS = (
					"$(inherited)",
					"@executable_path/Frameworks",
				);
				MARKETING_VERSION = 0.1.0;
				PRODUCT_BUNDLE_IDENTIFIER = com.kanata.app;
				PRODUCT_NAME = Kanata;
				PROVISIONING_PROFILE_SPECIFIER = "Kanata tvOS App Store iCloud";
				SDKROOT = appletvos;
				SWIFT_VERSION = 6.0;
				TARGETED_DEVICE_FAMILY = 3;
				TVOS_DEPLOYMENT_TARGET = 17.0;
			};
			name = Release;
		};
		32AF00C39BA51062B86A6E3A /* Debug */ = {
			isa = XCBuildConfiguration;
			buildSettings = {
				ALWAYS_SEARCH_USER_PATHS = NO;
				CLANG_ANALYZER_NONNULL = YES;
				CLANG_ANALYZER_NUMBER_OBJECT_CONVERSION = YES_AGGRESSIVE;
				CLANG_CXX_LANGUAGE_STANDARD = "gnu++14";
				CLANG_CXX_LIBRARY = "libc++";
				CLANG_ENABLE_MODULES = YES;
				CLANG_ENABLE_OBJC_ARC = YES;
				CLANG_ENABLE_OBJC_WEAK = YES;
				CLANG_WARN_BLOCK_CAPTURE_AUTORELEASING = YES;
				CLANG_WARN_BOOL_CONVERSION = YES;
				CLANG_WARN_COMMA = YES;
				CLANG_WARN_CONSTANT_CONVERSION = YES;
				CLANG_WARN_DEPRECATED_OBJC_IMPLEMENTATIONS = YES;
				CLANG_WARN_DIRECT_OBJC_ISA_USAGE = YES_ERROR;
				CLANG_WARN_DOCUMENTATION_COMMENTS = YES;
				CLANG_WARN_EMPTY_BODY = YES;
				CLANG_WARN_ENUM_CONVERSION = YES;
				CLANG_WARN_INFINITE_RECURSION = YES;
				CLANG_WARN_INT_CONVERSION = YES;
				CLANG_WARN_NON_LITERAL_NULL_CONVERSION = YES;
				CLANG_WARN_OBJC_IMPLICIT_RETAIN_SELF = YES;
				CLANG_WARN_OBJC_LITERAL_CONVERSION = YES;
				CLANG_WARN_OBJC_ROOT_CLASS = YES_ERROR;
				CLANG_WARN_QUOTED_INCLUDE_IN_FRAMEWORK_HEADER = YES;
				CLANG_WARN_RANGE_LOOP_ANALYSIS = YES;
				CLANG_WARN_STRICT_PROTOTYPES = YES;
				CLANG_WARN_SUSPICIOUS_MOVE = YES;
				CLANG_WARN_UNGUARDED_AVAILABILITY = YES_AGGRESSIVE;
				CLANG_WARN_UNREACHABLE_CODE = YES;
				CLANG_WARN__DUPLICATE_METHOD_MATCH = YES;
				COPY_PHASE_STRIP = NO;
				DEBUG_INFORMATION_FORMAT = dwarf;
				ENABLE_STRICT_OBJC_MSGSEND = YES;
				ENABLE_TESTABILITY = YES;
				GCC_C_LANGUAGE_STANDARD = gnu11;
				GCC_DYNAMIC_NO_PIC = NO;
				GCC_NO_COMMON_BLOCKS = YES;
				GCC_OPTIMIZATION_LEVEL = 0;
				GCC_PREPROCESSOR_DEFINITIONS = (
					"$(inherited)",
					"DEBUG=1",
				);
				GCC_WARN_64_TO_32_BIT_CONVERSION = YES;
				GCC_WARN_ABOUT_RETURN_TYPE = YES_ERROR;
				GCC_WARN_UNDECLARED_SELECTOR = YES;
				GCC_WARN_UNINITIALIZED_AUTOS = YES_AGGRESSIVE;
				GCC_WARN_UNUSED_FUNCTION = YES;
				GCC_WARN_UNUSED_VARIABLE = YES;
				IPHONEOS_DEPLOYMENT_TARGET = 17.0;
				MTL_ENABLE_DEBUG_INFO = INCLUDE_SOURCE;
				MTL_FAST_MATH = YES;
				ONLY_ACTIVE_ARCH = YES;
				PRODUCT_NAME = "$(TARGET_NAME)";
				SWIFT_ACTIVE_COMPILATION_CONDITIONS = DEBUG;
				SWIFT_OPTIMIZATION_LEVEL = "-Onone";
				SWIFT_VERSION = 5.0;
			};
			name = Debug;
		};
		4DAD825B022612FB220781E6 /* Debug */ = {
			isa = XCBuildConfiguration;
			buildSettings = {
				ASSETCATALOG_COMPILER_APPICON_NAME = "App Icon & Top Shelf Image";
				ASSETCATALOG_COMPILER_LAUNCHIMAGE_NAME = LaunchImage;
				CODE_SIGN_ENTITLEMENTS = Sources/Kanata.entitlements;
				CODE_SIGN_STYLE = Automatic;
				CURRENT_PROJECT_VERSION = 18;
				DANDANPLAY_APP_ID = "";
				DANDANPLAY_APP_SECRET = "";
				DEVELOPMENT_TEAM = 2Q2LMV7BR6;
				GENERATE_INFOPLIST_FILE = YES;
				INFOPLIST_FILE = "Sources/Info-tvOS.plist";
				INFOPLIST_KEY_NSLocalNetworkUsageDescription = "用于连接局域网内的弹幕网关与 NAS 媒体源";
				INFOPLIST_KEY_UILaunchScreen_Generation = YES;
				LD_RUNPATH_SEARCH_PATHS = (
					"$(inherited)",
					"@executable_path/Frameworks",
				);
				MARKETING_VERSION = 0.1.0;
				PRODUCT_BUNDLE_IDENTIFIER = com.kanata.app;
				PRODUCT_NAME = Kanata;
				SDKROOT = appletvos;
				SWIFT_VERSION = 6.0;
				TARGETED_DEVICE_FAMILY = 3;
				TVOS_DEPLOYMENT_TARGET = 17.0;
			};
			name = Debug;
		};
		840138A6437D4B3CC429A6EC /* Debug */ = {
			isa = XCBuildConfiguration;
			buildSettings = {
				ASSETCATALOG_COMPILER_ALTERNATE_APPICON_NAMES = "AppIconAurora AppIconSunset";
				ASSETCATALOG_COMPILER_APPICON_NAME = AppIcon;
				CODE_SIGN_ENTITLEMENTS = Sources/Kanata.entitlements;
				CODE_SIGN_IDENTITY = "iPhone Developer";
				CODE_SIGN_STYLE = Automatic;
				CURRENT_PROJECT_VERSION = 18;
				DANDANPLAY_APP_ID = "";
				DANDANPLAY_APP_SECRET = "";
				DEVELOPMENT_TEAM = 2Q2LMV7BR6;
				GENERATE_INFOPLIST_FILE = YES;
				INFOPLIST_FILE = Sources/Info.plist;
				INFOPLIST_KEY_LSSupportsOpeningDocumentsInPlace = YES;
				INFOPLIST_KEY_NSLocalNetworkUsageDescription = "用于连接局域网内的弹幕网关与 NAS 媒体源";
				INFOPLIST_KEY_UIApplicationSupportsIndirectInputEvents = YES;
				INFOPLIST_KEY_UIBackgroundModes = audio;
				INFOPLIST_KEY_UIFileSharingEnabled = YES;
				INFOPLIST_KEY_UILaunchScreen_Generation = YES;
				INFOPLIST_KEY_UISupportedInterfaceOrientations = "UIInterfaceOrientationPortrait UIInterfaceOrientationPortraitUpsideDown UIInterfaceOrientationLandscapeLeft UIInterfaceOrientationLandscapeRight";
				LD_RUNPATH_SEARCH_PATHS = (
					"$(inherited)",
					"@executable_path/Frameworks",
				);
				MARKETING_VERSION = 0.1.0;
				PRODUCT_BUNDLE_IDENTIFIER = com.kanata.app;
				SDKROOT = iphoneos;
				SWIFT_VERSION = 6.0;
				TARGETED_DEVICE_FAMILY = "1,2";
			};
			name = Debug;
		};
		C14B6706EBD0B8E591417121 /* Release */ = {
			isa = XCBuildConfiguration;
			buildSettings = {
				ALWAYS_SEARCH_USER_PATHS = NO;
				CLANG_ANALYZER_NONNULL = YES;
				CLANG_ANALYZER_NUMBER_OBJECT_CONVERSION = YES_AGGRESSIVE;
				CLANG_CXX_LANGUAGE_STANDARD = "gnu++14";
				CLANG_CXX_LIBRARY = "libc++";
				CLANG_ENABLE_MODULES = YES;
				CLANG_ENABLE_OBJC_ARC = YES;
				CLANG_ENABLE_OBJC_WEAK = YES;
				CLANG_WARN_BLOCK_CAPTURE_AUTORELEASING = YES;
				CLANG_WARN_BOOL_CONVERSION = YES;
				CLANG_WARN_COMMA = YES;
				CLANG_WARN_CONSTANT_CONVERSION = YES;
				CLANG_WARN_DEPRECATED_OBJC_IMPLEMENTATIONS = YES;
				CLANG_WARN_DIRECT_OBJC_ISA_USAGE = YES_ERROR;
				CLANG_WARN_DOCUMENTATION_COMMENTS = YES;
				CLANG_WARN_EMPTY_BODY = YES;
				CLANG_WARN_ENUM_CONVERSION = YES;
				CLANG_WARN_INFINITE_RECURSION = YES;
				CLANG_WARN_INT_CONVERSION = YES;
				CLANG_WARN_NON_LITERAL_NULL_CONVERSION = YES;
				CLANG_WARN_OBJC_IMPLICIT_RETAIN_SELF = YES;
				CLANG_WARN_OBJC_LITERAL_CONVERSION = YES;
				CLANG_WARN_OBJC_ROOT_CLASS = YES_ERROR;
				CLANG_WARN_QUOTED_INCLUDE_IN_FRAMEWORK_HEADER = YES;
				CLANG_WARN_RANGE_LOOP_ANALYSIS = YES;
				CLANG_WARN_STRICT_PROTOTYPES = YES;
				CLANG_WARN_SUSPICIOUS_MOVE = YES;
				CLANG_WARN_UNGUARDED_AVAILABILITY = YES_AGGRESSIVE;
				CLANG_WARN_UNREACHABLE_CODE = YES;
				CLANG_WARN__DUPLICATE_METHOD_MATCH = YES;
				COPY_PHASE_STRIP = NO;
				DEBUG_INFORMATION_FORMAT = "dwarf-with-dsym";
				ENABLE_NS_ASSERTIONS = NO;
				ENABLE_STRICT_OBJC_MSGSEND = YES;
				GCC_C_LANGUAGE_STANDARD = gnu11;
				GCC_NO_COMMON_BLOCKS = YES;
				GCC_WARN_64_TO_32_BIT_CONVERSION = YES;
				GCC_WARN_ABOUT_RETURN_TYPE = YES_ERROR;
				GCC_WARN_UNDECLARED_SELECTOR = YES;
				GCC_WARN_UNINITIALIZED_AUTOS = YES_AGGRESSIVE;
				GCC_WARN_UNUSED_FUNCTION = YES;
				GCC_WARN_UNUSED_VARIABLE = YES;
				IPHONEOS_DEPLOYMENT_TARGET = 17.0;
				MTL_ENABLE_DEBUG_INFO = NO;
				MTL_FAST_MATH = YES;
				PRODUCT_NAME = "$(TARGET_NAME)";
				SWIFT_COMPILATION_MODE = wholemodule;
				SWIFT_OPTIMIZATION_LEVEL = "-O";
				SWIFT_VERSION = 5.0;
			};
			name = Release;
		};
		DE95D8FF01B11E0BBF813F67 /* Release */ = {
			isa = XCBuildConfiguration;
			buildSettings = {
				ASSETCATALOG_COMPILER_ALTERNATE_APPICON_NAMES = "AppIconAurora AppIconSunset";
				ASSETCATALOG_COMPILER_APPICON_NAME = AppIcon;
				CODE_SIGN_ENTITLEMENTS = Sources/Kanata.entitlements;
				CODE_SIGN_IDENTITY = "Apple Distribution";
				CODE_SIGN_STYLE = Manual;
				CURRENT_PROJECT_VERSION = 18;
				DANDANPLAY_APP_ID = "";
				DANDANPLAY_APP_SECRET = "";
				DEVELOPMENT_TEAM = 2Q2LMV7BR6;
				GENERATE_INFOPLIST_FILE = YES;
				INFOPLIST_FILE = Sources/Info.plist;
				INFOPLIST_KEY_LSSupportsOpeningDocumentsInPlace = YES;
				INFOPLIST_KEY_NSLocalNetworkUsageDescription = "用于连接局域网内的弹幕网关与 NAS 媒体源";
				INFOPLIST_KEY_UIApplicationSupportsIndirectInputEvents = YES;
				INFOPLIST_KEY_UIBackgroundModes = audio;
				INFOPLIST_KEY_UIFileSharingEnabled = YES;
				INFOPLIST_KEY_UILaunchScreen_Generation = YES;
				INFOPLIST_KEY_UISupportedInterfaceOrientations = "UIInterfaceOrientationPortrait UIInterfaceOrientationPortraitUpsideDown UIInterfaceOrientationLandscapeLeft UIInterfaceOrientationLandscapeRight";
				LD_RUNPATH_SEARCH_PATHS = (
					"$(inherited)",
					"@executable_path/Frameworks",
				);
				MARKETING_VERSION = 0.1.0;
				PRODUCT_BUNDLE_IDENTIFIER = com.kanata.app;
				PROVISIONING_PROFILE_SPECIFIER = "Kanata iOS App Store iCloud";
				SDKROOT = iphoneos;
				SWIFT_VERSION = 6.0;
				TARGETED_DEVICE_FAMILY = "1,2";
			};
			name = Release;
		};
/* End XCBuildConfiguration section */

/* Begin XCConfigurationList section */
		2B04CC5F69ED70BF653F001C /* Build configuration list for PBXNativeTarget "KanataApp" */ = {
			isa = XCConfigurationList;
			buildConfigurations = (
				840138A6437D4B3CC429A6EC /* Debug */,
				DE95D8FF01B11E0BBF813F67 /* Release */,
			);
			defaultConfigurationIsVisible = 0;
			defaultConfigurationName = Debug;
		};
		3F875C53978E467B37AF9562 /* Build configuration list for PBXProject "KanataApp" */ = {
			isa = XCConfigurationList;
			buildConfigurations = (
				32AF00C39BA51062B86A6E3A /* Debug */,
				C14B6706EBD0B8E591417121 /* Release */,
			);
			defaultConfigurationIsVisible = 0;
			defaultConfigurationName = Debug;
		};
		62C75F255A69310CD15F1878 /* Build configuration list for PBXNativeTarget "KanataTV" */ = {
			isa = XCConfigurationList;
			buildConfigurations = (
				4DAD825B022612FB220781E6 /* Debug */,
				0ABA49C59BD64912C04F919B /* Release */,
			);
			defaultConfigurationIsVisible = 0;
			defaultConfigurationName = Debug;
		};
/* End XCConfigurationList section */

/* Begin XCLocalSwiftPackageReference section */
		702E29E2AC2D60B16BAAD7C7 /* XCLocalSwiftPackageReference "../KanataCore" */ = {
			isa = XCLocalSwiftPackageReference;
			relativePath = ../KanataCore;
		};
		EFEAB4B1A77F247A1AAA907E /* XCLocalSwiftPackageReference "../KanataRender" */ = {
			isa = XCLocalSwiftPackageReference;
			relativePath = ../KanataRender;
		};
/* End XCLocalSwiftPackageReference section */

/* Begin XCSwiftPackageProductDependency section */
		2B1BA21A40301952737E6088 /* KanataRender */ = {
			isa = XCSwiftPackageProductDependency;
			productName = KanataRender;
		};
		8EE44E1F48B4D8E9D04CA922 /* KanataRender */ = {
			isa = XCSwiftPackageProductDependency;
			productName = KanataRender;
		};
		A2444D4C17E00FAEC8B9CBCA /* KanataCore */ = {
			isa = XCSwiftPackageProductDependency;
			productName = KanataCore;
		};
		D0F19C87A69C96ACBF02E301 /* KanataCore */ = {
			isa = XCSwiftPackageProductDependency;
			productName = KanataCore;
		};
/* End XCSwiftPackageProductDependency section */
	};
	rootObject = 1B0A5C168D23DE99F124C8A7 /* Project object */;
}
